
Microsoft Visual Studio Solution File, Format Version 12.00
# Visual Studio Version 17
VisualStudioVersion = 17.4.33213.308
MinimumVisualStudioVersion = 10.0.40219.1
Project("{9A19103F-16F7-4668-BE54-9A1E7A4F7556}") = "Sort_Search", "Sort_Search\Sort_Search.csproj", "{C2E7384A-1468-4B68-93DB-485449215150}"
EndProject
Project("{2150E333-8FDC-42A3-9474-1A3956D46DE8}") = "Solution Items", "Solution Items", "{16B2E518-A505-4E69-9AB3-612C5AAD9931}"
	ProjectSection(SolutionItems) = preProject
		..\..\..\Desktop\Search _ Sort\Road_1_2048.txt = ..\..\..\Desktop\Search _ Sort\Road_1_2048.txt
		..\..\..\Desktop\Search _ Sort\Road_1_256.txt = ..\..\..\Desktop\Search _ Sort\Road_1_256.txt
		..\..\..\Desktop\Search _ Sort\Road_2_2048.txt = ..\..\..\Desktop\Search _ Sort\Road_2_2048.txt
		..\..\..\Desktop\Search _ Sort\Road_2_256.txt = ..\..\..\Desktop\Search _ Sort\Road_2_256.txt
		..\..\..\Desktop\Search _ Sort\Road_3_2048.txt = ..\..\..\Desktop\Search _ Sort\Road_3_2048.txt
		..\..\..\Desktop\Search _ Sort\Road_3_256.txt = ..\..\..\Desktop\Search _ Sort\Road_3_256.txt
	EndProjectSection
EndProject
Global
	GlobalSection(SolutionConfigurationPlatforms) = preSolution
		Debug|Any CPU = Debug|Any CPU
		Release|Any CPU = Release|Any CPU
	EndGlobalSection
	GlobalSection(ProjectConfigurationPlatforms) = postSolution
		{C2E7384A-1468-4B68-93DB-485449215150}.Debug|Any CPU.ActiveCfg = Debug|Any CPU
		{C2E7384A-1468-4B68-93DB-485449215150}.Debug|Any CPU.Build.0 = Debug|Any CPU
		{C2E7384A-1468-4B68-93DB-485449215150}.Release|Any CPU.ActiveCfg = Release|Any CPU
		{C2E7384A-1468-4B68-93DB-485449215150}.Release|Any CPU.Build.0 = Release|Any CPU
	EndGlobalSection
	GlobalSection(SolutionProperties) = preSolution
		HideSolutionNode = FALSE
	EndGlobalSection
	GlobalSection(ExtensibilityGlobals) = postSolution
		SolutionGuid = {070A3F2A-A6E9-4138-9B39-877AE5C8A1A3}
	EndGlobalSection
EndGlobal
